{
    "_readme": [
        "This file locks the dependencies of your project to a known state",
        "Read more about it at https://getcomposer.org/doc/01-basic-usage.md#installing-dependencies",
        "This file is @generated automatically"
    ],
    "content-hash": "c34695882c24a8bbb14a75f3c7610535",
    "packages": [
        {
            "name": "hrishikesh214/php-api",
            "version": "dev-main",
            "source": {
                "type": "git",
                "url": "https://github.com/hrishikesh214/php-api.git",
                "reference": "f9c0498b19a813346fb2dc8d9fb3e52d28f5ad8c"
            },
            "dist": {
                "type": "zip",
                "url": "https://api.github.com/repos/hrishikesh214/php-api/zipball/f9c0498b19a813346fb2dc8d9fb3e52d28f5ad8c",
                "reference": "f9c0498b19a813346fb2dc8d9fb3e52d28f5ad8c",
                "shasum": ""
            },
            "default-branch": true,
            "type": "library",
            "autoload": {
                "psr-4": {
                    "phpapi\\": "src/"
                }
            },
            "notification-url": "https://packagist.org/downloads/",
            "license": [
                "GPL-3.0-or-later"
            ],
            "description": "Helps easily build RESTApi in php",
            "support": {
                "issues": "https://github.com/hrishikesh214/php-api/issues",
                "source": "https://github.com/hrishikesh214/php-api/tree/main"
            },
            "time": "2021-02-27T16:25:41+00:00"
        }
    ],
    "packages-dev": [],
    "aliases": [],
    "minimum-stability": "stable",
    "stability-flags": {
        "hrishikesh214/php-api": 20
    },
    "prefer-stable": false,
    "prefer-lowest": false,
    "platform": [],
    "platform-dev": [],
    "plugin-api-version": "2.0.0"
}
